
Microsoft Visual Studio Solution File, Format Version 12.00
# Visual Studio Version 17
VisualStudioVersion = 17.12.35527.113
MinimumVisualStudioVersion = 10.0.40219.1
Project("{FAE04EC0-301F-11D3-BF4B-00C04F79EFBC}") = "Fabrik", "Fabrik.csproj", "{DF60E0B6-3D88-454E-A473-948A0AEF0E69}"
EndProject
Project("{FAE04EC0-301F-11D3-BF4B-00C04F79EFBC}") = "Buider", "..\Buider\Buider.csproj", "{51CBB272-AD61-493B-8EF1-37B6D352C5E4}"
EndProject
Global
	GlobalSection(SolutionConfigurationPlatforms) = preSolution
		Debug|Any CPU = Debug|Any CPU
		Release|Any CPU = Release|Any CPU
	EndGlobalSection
	GlobalSection(ProjectConfigurationPlatforms) = postSolution
		{DF60E0B6-3D88-454E-A473-948A0AEF0E69}.Debug|Any CPU.ActiveCfg = Debug|Any CPU
		{DF60E0B6-3D88-454E-A473-948A0AEF0E69}.Debug|Any CPU.Build.0 = Debug|Any CPU
		{DF60E0B6-3D88-454E-A473-948A0AEF0E69}.Release|Any CPU.ActiveCfg = Release|Any CPU
		{DF60E0B6-3D88-454E-A473-948A0AEF0E69}.Release|Any CPU.Build.0 = Release|Any CPU
		{51CBB272-AD61-493B-8EF1-37B6D352C5E4}.Debug|Any CPU.ActiveCfg = Debug|Any CPU
		{51CBB272-AD61-493B-8EF1-37B6D352C5E4}.Debug|Any CPU.Build.0 = Debug|Any CPU
		{51CBB272-AD61-493B-8EF1-37B6D352C5E4}.Release|Any CPU.ActiveCfg = Release|Any CPU
		{51CBB272-AD61-493B-8EF1-37B6D352C5E4}.Release|Any CPU.Build.0 = Release|Any CPU
	EndGlobalSection
	GlobalSection(SolutionProperties) = preSolution
		HideSolutionNode = FALSE
	EndGlobalSection
EndGlobal
